<?xml version="1.0" encoding="utf-8"?>
<Project ToolsVersion="4.0" xmlns="http://schemas.microsoft.com/developer/msbuild/2003">
  <ItemGroup>
    <Filter Include="源文件">
      <UniqueIdentifier>{4FC737F1-C7A5-4376-A066-2A32D752A2FF}</UniqueIdentifier>
      <Extensions>cpp;c;cc;cxx;def;odl;idl;hpj;bat;asm;asmx</Extensions>
    </Filter>
    <Filter Include="资源文件">
      <UniqueIdentifier>{67DA6AB6-F800-4c08-8B7A-83BB121AAD01}</UniqueIdentifier>
      <Extensions>rc;ico;cur;bmp;dlg;rc2;rct;bin;rgs;gif;jpg;jpeg;jpe;resx;tiff;tif;png;wav;mfcribbon-ms</Extensions>
    </Filter>
    <Filter Include="HGLTool">
      <UniqueIdentifier>{16986be6-f33a-49b2-ab6f-a7534c55c405}</UniqueIdentifier>
    </Filter>
    <Filter Include="HGLTool\HGLCamera">
      <UniqueIdentifier>{1f3bdee1-ba43-4cf7-97a5-cf5f8ec8a0ef}</UniqueIdentifier>
    </Filter>
    <Filter Include="HGLTool\HGLLight">
      <UniqueIdentifier>{fce8e83a-9715-41b9-851a-496fa8a43a10}</UniqueIdentifier>
    </Filter>
    <Filter Include="HGLTool\HGLModel">
      <UniqueIdentifier>{be7f7c3f-1766-4884-95d3-d7b7c5ac5929}</UniqueIdentifier>
    </Filter>
    <Filter Include="HGLTool\HGLScenes">
      <UniqueIdentifier>{bcc36fcc-7412-4edf-a122-144e9aaa1a0c}</UniqueIdentifier>
    </Filter>
    <Filter Include="HGLTool\HGLShader">
      <UniqueIdentifier>{6ebb4988-9d45-4ead-8739-3e1ea11f8474}</UniqueIdentifier>
    </Filter>
    <Filter Include="HGLTool\HGLTexture2D">
      <UniqueIdentifier>{17ec37ba-b642-4536-b9dd-014f6f102af8}</UniqueIdentifier>
    </Filter>
    <Filter Include="lib">
      <UniqueIdentifier>{18507da2-6b71-4e5e-b922-ddf5140bbee9}</UniqueIdentifier>
    </Filter>
    <Filter Include="lib\GLAD">
      <UniqueIdentifier>{037406e9-2b71-4d58-b534-eb3e886292ae}</UniqueIdentifier>
    </Filter>
    <Filter Include="lib\stb_image">
      <UniqueIdentifier>{8ded9374-cc1f-48cd-aac6-078f1770f5ba}</UniqueIdentifier>
    </Filter>
    <Filter Include="HGLTool\HGLFBO">
      <UniqueIdentifier>{c1d81369-4b01-4cdf-ae67-fe4c74b3f439}</UniqueIdentifier>
    </Filter>
  </ItemGroup>
  <ItemGroup>
    <ClCompile Include="main.cpp">
      <Filter>源文件</Filter>
    </ClCompile>
    <ClCompile Include="HGLTool\HGLCamera\HGLCamera.cpp">
      <Filter>HGLTool\HGLCamera</Filter>
    </ClCompile>
    <ClCompile Include="HGLTool\HGLModel\HGLMesh.cpp">
      <Filter>HGLTool\HGLModel</Filter>
    </ClCompile>
    <ClCompile Include="HGLTool\HGLModel\HGLModel.cpp">
      <Filter>HGLTool\HGLModel</Filter>
    </ClCompile>
    <ClCompile Include="HGLTool\HGLScenes\HGLScenes.cpp">
      <Filter>HGLTool\HGLScenes</Filter>
    </ClCompile>
    <ClCompile Include="HGLTool\HGLShader\HGLDynamicFragmentShader.cpp">
      <Filter>HGLTool\HGLShader</Filter>
    </ClCompile>
    <ClCompile Include="HGLTool\HGLShader\HGLShaderProgram.cpp">
      <Filter>HGLTool\HGLShader</Filter>
    </ClCompile>
    <ClCompile Include="HGLTool\HGLTexture2D\HGLTexture2D.cpp">
      <Filter>HGLTool\HGLTexture2D</Filter>
    </ClCompile>
    <ClCompile Include="lib\stb_image\stb_image.cpp">
      <Filter>lib\stb_image</Filter>
    </ClCompile>
    <ClCompile Include="lib\glad\glad.c">
      <Filter>lib\GLAD</Filter>
    </ClCompile>
    <ClCompile Include="HGLTool\HGLFBO\HGLFBO.cpp">
      <Filter>HGLTool\HGLFBO</Filter>
    </ClCompile>
  </ItemGroup>
  <ItemGroup>
    <ClInclude Include="HGLTool\HGLCamera\HGLCamera.h">
      <Filter>HGLTool\HGLCamera</Filter>
    </ClInclude>
    <ClInclude Include="HGLTool\HGLLight\HGLAmbientLight.h">
      <Filter>HGLTool\HGLLight</Filter>
    </ClInclude>
    <ClInclude Include="HGLTool\HGLLight\HGLCameraParallelLight.h">
      <Filter>HGLTool\HGLLight</Filter>
    </ClInclude>
    <ClInclude Include="HGLTool\HGLLight\HGLLight.h">
      <Filter>HGLTool\HGLLight</Filter>
    </ClInclude>
    <ClInclude Include="HGLTool\HGLLight\HGLParallelLight.h">
      <Filter>HGLTool\HGLLight</Filter>
    </ClInclude>
    <ClInclude Include="HGLTool\HGLLight\HGLPointLight.h">
      <Filter>HGLTool\HGLLight</Filter>
    </ClInclude>
    <ClInclude Include="HGLTool\HGLLight\HGLSpotLight.h">
      <Filter>HGLTool\HGLLight</Filter>
    </ClInclude>
    <ClInclude Include="HGLTool\HGLModel\HGLMesh.h">
      <Filter>HGLTool\HGLModel</Filter>
    </ClInclude>
    <ClInclude Include="HGLTool\HGLModel\HGLModel.h">
      <Filter>HGLTool\HGLModel</Filter>
    </ClInclude>
    <ClInclude Include="HGLTool\HGLScenes\HGLScenes.h">
      <Filter>HGLTool\HGLScenes</Filter>
    </ClInclude>
    <ClInclude Include="HGLTool\HGLShader\HGLDynamicFragmentShader.h">
      <Filter>HGLTool\HGLShader</Filter>
    </ClInclude>
    <ClInclude Include="HGLTool\HGLShader\HGLShader.h">
      <Filter>HGLTool\HGLShader</Filter>
    </ClInclude>
    <ClInclude Include="HGLTool\HGLShader\HGLShaderProgram.h">
      <Filter>HGLTool\HGLShader</Filter>
    </ClInclude>
    <ClInclude Include="HGLTool\HGLTexture2D\HGLTexture2D.h">
      <Filter>HGLTool\HGLTexture2D</Filter>
    </ClInclude>
    <ClInclude Include="lib\glad\glad.h">
      <Filter>lib\GLAD</Filter>
    </ClInclude>
    <ClInclude Include="lib\glad\khrplatform.h">
      <Filter>lib\GLAD</Filter>
    </ClInclude>
    <ClInclude Include="HGLTool\HGLFBO\HGLFBO.h">
      <Filter>HGLTool\HGLFBO</Filter>
    </ClInclude>
  </ItemGroup>
</Project>