<?xml version="1.0" encoding="utf-8"?>
<Project ToolsVersion="4.0" xmlns="http://schemas.microsoft.com/developer/msbuild/2003">
  <ItemGroup>
    <Filter Include="源文件">
      <UniqueIdentifier>{4FC737F1-C7A5-4376-A066-2A32D752A2FF}</UniqueIdentifier>
      <Extensions>cpp;c;cc;cxx;def;odl;idl;hpj;bat;asm;asmx</Extensions>
    </Filter>
    <Filter Include="资源文件">
      <UniqueIdentifier>{67DA6AB6-F800-4c08-8B7A-83BB121AAD01}</UniqueIdentifier>
      <Extensions>rc;ico;cur;bmp;dlg;rc2;rct;bin;rgs;gif;jpg;jpeg;jpe;resx;tiff;tif;png;wav;mfcribbon-ms</Extensions>
    </Filter>
    <Filter Include="GLAD">
      <UniqueIdentifier>{cf09223d-54b1-4874-a666-0fb27609df2d}</UniqueIdentifier>
    </Filter>
    <Filter Include="GLTool">
      <UniqueIdentifier>{6aa1300b-bd6a-4bff-9b8a-46363592caf2}</UniqueIdentifier>
    </Filter>
    <Filter Include="GLTool\GLShader">
      <UniqueIdentifier>{d691e0dd-6f8d-4781-8576-7164342c324c}</UniqueIdentifier>
    </Filter>
    <Filter Include="GLTool\GLReferenceCounter">
      <UniqueIdentifier>{9748761c-2a83-4a9a-9b07-498c479b20c4}</UniqueIdentifier>
    </Filter>
    <Filter Include="GLTool\GLTexture2D">
      <UniqueIdentifier>{157da8bd-582d-49c8-92c4-297005d55e7d}</UniqueIdentifier>
    </Filter>
    <Filter Include="GLTool\GLCamera">
      <UniqueIdentifier>{21505800-d2ca-4e64-b94f-f3ad88bdb1ed}</UniqueIdentifier>
    </Filter>
    <Filter Include="GLTool\GLModel">
      <UniqueIdentifier>{1fb2bc15-537d-43c4-9c25-f31500e96a72}</UniqueIdentifier>
    </Filter>
    <Filter Include="GLTool\GLLight">
      <UniqueIdentifier>{89d2f7fb-8890-46ee-bc33-7c91a6d0c268}</UniqueIdentifier>
    </Filter>
    <Filter Include="GLTool\GLScenes">
      <UniqueIdentifier>{a13c6d4c-ae19-4cef-8a77-6708924a10c0}</UniqueIdentifier>
    </Filter>
    <Filter Include="GLTool\ShaderSource">
      <UniqueIdentifier>{a5d4f227-3c45-4ddb-8e4e-8fed8574cebb}</UniqueIdentifier>
    </Filter>
  </ItemGroup>
  <ItemGroup>
    <ClCompile Include="GLAD\glad.c">
      <Filter>GLAD</Filter>
    </ClCompile>
    <ClCompile Include="stb_image.cpp">
      <Filter>源文件</Filter>
    </ClCompile>
    <ClCompile Include="GLTool\GLTexture2D\HGLTexture2D.cpp">
      <Filter>GLTool\GLTexture2D</Filter>
    </ClCompile>
    <ClCompile Include="GLTool\GLCamera\HGLCamera.cpp">
      <Filter>GLTool\GLCamera</Filter>
    </ClCompile>
    <ClCompile Include="GLTool\GLModel\HGLModel.cpp">
      <Filter>GLTool\GLModel</Filter>
    </ClCompile>
    <ClCompile Include="GLTool\GLShader\HGLShaderProgram.cpp">
      <Filter>GLTool\GLShader</Filter>
    </ClCompile>
    <ClCompile Include="main.cpp">
      <Filter>源文件</Filter>
    </ClCompile>
    <ClCompile Include="GLTool\GLScenes\HGLScenes.cpp">
      <Filter>GLTool\GLScenes</Filter>
    </ClCompile>
    <ClCompile Include="GLTool\GLShader\HGLDynamicFragmentShader.cpp">
      <Filter>GLTool\GLShader</Filter>
    </ClCompile>
  </ItemGroup>
  <ItemGroup>
    <ClInclude Include="GLAD\glad.h">
      <Filter>GLAD</Filter>
    </ClInclude>
    <ClInclude Include="GLAD\khrplatform.h">
      <Filter>GLAD</Filter>
    </ClInclude>
    <ClInclude Include="GLTool\GLShader\HGLShader.h">
      <Filter>GLTool\GLShader</Filter>
    </ClInclude>
    <ClInclude Include="GLTool\GLReferenceCounter\HGLReferenceCounter.h">
      <Filter>GLTool\GLReferenceCounter</Filter>
    </ClInclude>
    <ClInclude Include="GLTool\GLTexture2D\HGLTexture2D.h">
      <Filter>GLTool\GLTexture2D</Filter>
    </ClInclude>
    <ClInclude Include="GLTool\GLCamera\HGLCamera.h">
      <Filter>GLTool\GLCamera</Filter>
    </ClInclude>
    <ClInclude Include="GLTool\GLModel\HGLModel.h">
      <Filter>GLTool\GLModel</Filter>
    </ClInclude>
    <ClInclude Include="GLTool\GLShader\HGLShaderProgram.h">
      <Filter>GLTool\GLShader</Filter>
    </ClInclude>
    <ClInclude Include="GLTool\GLLight\HGLLight.h">
      <Filter>GLTool\GLLight</Filter>
    </ClInclude>
    <ClInclude Include="GLTool\GLLight\HGLPointLight.h">
      <Filter>GLTool\GLLight</Filter>
    </ClInclude>
    <ClInclude Include="GLTool\GLLight\HGLParallelLight.h">
      <Filter>GLTool\GLLight</Filter>
    </ClInclude>
    <ClInclude Include="GLTool\GLLight\HGLSpotLight.h">
      <Filter>GLTool\GLLight</Filter>
    </ClInclude>
    <ClInclude Include="GLTool\GLScenes\HGLScenes.h">
      <Filter>GLTool\GLScenes</Filter>
    </ClInclude>
    <ClInclude Include="GLTool\GLLight\HGLAmbientLight.h">
      <Filter>GLTool\GLLight</Filter>
    </ClInclude>
    <ClInclude Include="GLTool\GLShader\HGLDynamicFragmentShader.h">
      <Filter>GLTool\GLShader</Filter>
    </ClInclude>
  </ItemGroup>
  <ItemGroup>
    <None Include="GLTool\ShaderSource\LightTest.ss">
      <Filter>GLTool\ShaderSource</Filter>
    </None>
    <None Include="shader.vs">
      <Filter>源文件</Filter>
    </None>
  </ItemGroup>
  <ItemGroup>
    <Text Include="detail.txt" />
  </ItemGroup>
</Project>